
Microsoft Visual Studio Solution File, Format Version 12.00
# Visual Studio 15
VisualStudioVersion = 15.0.27428.1
MinimumVisualStudioVersion = 10.0.40219.1
Project("{FAE04EC0-301F-11D3-BF4B-00C04F79EFBC}") = "Lab3", "Lab3\Lab3.csproj", "{B4F047EC-09A1-4C3A-9B95-4C991E553F1F}"
EndProject
Global
	GlobalSection(SolutionConfigurationPlatforms) = preSolution
		Debug|Any CPU = Debug|Any CPU
		Release|Any CPU = Release|Any CPU
	EndGlobalSection
	GlobalSection(ProjectConfigurationPlatforms) = postSolution
		{B4F047EC-09A1-4C3A-9B95-4C991E553F1F}.Debug|Any CPU.ActiveCfg = Debug|Any CPU
		{B4F047EC-09A1-4C3A-9B95-4C991E553F1F}.Debug|Any CPU.Build.0 = Debug|Any CPU
		{B4F047EC-09A1-4C3A-9B95-4C991E553F1F}.Release|Any CPU.ActiveCfg = Release|Any CPU
		{B4F047EC-09A1-4C3A-9B95-4C991E553F1F}.Release|Any CPU.Build.0 = Release|Any CPU
	EndGlobalSection
	GlobalSection(SolutionProperties) = preSolution
		HideSolutionNode = FALSE
	EndGlobalSection
	GlobalSection(ExtensibilityGlobals) = postSolution
		SolutionGuid = {8D20775E-33C6-479A-9609-69E51E773B88}
	EndGlobalSection
EndGlobal
