
Microsoft Visual Studio Solution File, Format Version 10.00
# Visual Studio 2008
Project("{FAE04EC0-301F-11D3-BF4B-00C04F79EFBC}") = "multithreading_01", "multithreading_01\multithreading_01.csproj", "{426A606A-8BAD-49FE-B746-EFC83584ED61}"
EndProject
Project("{FAE04EC0-301F-11D3-BF4B-00C04F79EFBC}") = "multithreading_02", "multithreading_02\multithreading_02.csproj", "{8DE2F477-6119-465C-B433-347446D508E4}"
EndProject
Project("{FAE04EC0-301F-11D3-BF4B-00C04F79EFBC}") = "multithreading_03", "multithreading_03\multithreading_03.csproj", "{0B5EA666-7B91-4C21-B548-48D8E0CE35E8}"
EndProject
Project("{FAE04EC0-301F-11D3-BF4B-00C04F79EFBC}") = "multithreading_04", "multithreading_04\multithreading_04.csproj", "{811C0E67-0AE3-4B69-A977-C99FF2802CC4}"
EndProject
Global
	GlobalSection(SolutionConfigurationPlatforms) = preSolution
		Debug|Any CPU = Debug|Any CPU
		Release|Any CPU = Release|Any CPU
	EndGlobalSection
	GlobalSection(ProjectConfigurationPlatforms) = postSolution
		{426A606A-8BAD-49FE-B746-EFC83584ED61}.Debug|Any CPU.ActiveCfg = Debug|Any CPU
		{426A606A-8BAD-49FE-B746-EFC83584ED61}.Debug|Any CPU.Build.0 = Debug|Any CPU
		{426A606A-8BAD-49FE-B746-EFC83584ED61}.Release|Any CPU.ActiveCfg = Release|Any CPU
		{426A606A-8BAD-49FE-B746-EFC83584ED61}.Release|Any CPU.Build.0 = Release|Any CPU
		{8DE2F477-6119-465C-B433-347446D508E4}.Debug|Any CPU.ActiveCfg = Debug|Any CPU
		{8DE2F477-6119-465C-B433-347446D508E4}.Debug|Any CPU.Build.0 = Debug|Any CPU
		{8DE2F477-6119-465C-B433-347446D508E4}.Release|Any CPU.ActiveCfg = Release|Any CPU
		{8DE2F477-6119-465C-B433-347446D508E4}.Release|Any CPU.Build.0 = Release|Any CPU
		{0B5EA666-7B91-4C21-B548-48D8E0CE35E8}.Debug|Any CPU.ActiveCfg = Debug|Any CPU
		{0B5EA666-7B91-4C21-B548-48D8E0CE35E8}.Debug|Any CPU.Build.0 = Debug|Any CPU
		{0B5EA666-7B91-4C21-B548-48D8E0CE35E8}.Release|Any CPU.ActiveCfg = Release|Any CPU
		{0B5EA666-7B91-4C21-B548-48D8E0CE35E8}.Release|Any CPU.Build.0 = Release|Any CPU
		{811C0E67-0AE3-4B69-A977-C99FF2802CC4}.Debug|Any CPU.ActiveCfg = Debug|Any CPU
		{811C0E67-0AE3-4B69-A977-C99FF2802CC4}.Debug|Any CPU.Build.0 = Debug|Any CPU
		{811C0E67-0AE3-4B69-A977-C99FF2802CC4}.Release|Any CPU.ActiveCfg = Release|Any CPU
		{811C0E67-0AE3-4B69-A977-C99FF2802CC4}.Release|Any CPU.Build.0 = Release|Any CPU
	EndGlobalSection
	GlobalSection(SolutionProperties) = preSolution
		HideSolutionNode = FALSE
	EndGlobalSection
EndGlobal
